
Microsoft Visual Studio Solution File, Format Version 12.00
# Visual Studio 2013
VisualStudioVersion = 12.0.30110.0
MinimumVisualStudioVersion = 10.0.40219.1
Project("{FAE04EC0-301F-11D3-BF4B-00C04F79EFBC}") = "OutputWindow", "OutputWindow\OutputWindow.csproj", "{56FD920C-1134-4F8C-BBE4-773642BDD112}"
EndProject
Project("{FAE04EC0-301F-11D3-BF4B-00C04F79EFBC}") = "OutputWindow.Interfaces", "OutputWindow.Interfaces\OutputWindow.Interfaces.csproj", "{52C5E011-EA71-4799-924B-845CE1C9CA06}"
EndProject
Project("{FAE04EC0-301F-11D3-BF4B-00C04F79EFBC}") = "OutputWindow.Implementation", "OutputWindow.Implementation\OutputWindow.Implementation.csproj", "{0C198DA7-9D1B-4DB6-B0AD-5B72331D2A20}"
EndProject
Project("{2150E333-8FDC-42A3-9474-1A3956D46DE8}") = "Extensions", "Extensions", "{A29EF3A2-9B8C-4081-95D8-4FC02E7B5859}"
EndProject
Project("{2150E333-8FDC-42A3-9474-1A3956D46DE8}") = "Private Assemblies", "Private Assemblies", "{6E9188B1-D508-4DCA-9634-39E05E593EB3}"
EndProject
Project("{2150E333-8FDC-42A3-9474-1A3956D46DE8}") = "Public Assemblies", "Public Assemblies", "{E5F869CB-056B-430A-8A7F-2EDEC7CC005F}"
EndProject
Project("{FAE04EC0-301F-11D3-BF4B-00C04F79EFBC}") = "ShellServices.10", "ShellServices.10\ShellServices.10.csproj", "{3539AC4E-0666-4A6E-873D-03FD8F2D8CBD}"
EndProject
Project("{2150E333-8FDC-42A3-9474-1A3956D46DE8}") = ".nuget", ".nuget", "{DF5B528E-5055-4D5E-8FFB-A882A7117BA6}"
	ProjectSection(SolutionItems) = preProject
		.nuget\NuGet.Config = .nuget\NuGet.Config
		.nuget\NuGet.exe = .nuget\NuGet.exe
		.nuget\NuGet.targets = .nuget\NuGet.targets
	EndProjectSection
EndProject
Project("{2150E333-8FDC-42A3-9474-1A3956D46DE8}") = "Documentation", "Documentation", "{16CE8FAB-F192-4E9C-88D0-3365475E519A}"
EndProject
Project("{7CF6DF6D-3B04-46F8-A40B-537D21BCA0B4}") = "VSBaseDocumentation", "VSBaseDocumentation\VSBaseDocumentation.shfbproj", "{6A379261-D0A2-427C-8E7F-48895E875B1B}"
EndProject
Project("{7CF6DF6D-3B04-46F8-A40B-537D21BCA0B4}") = "AdditionalSdkDocumentation", "AdditionalSdkDocumentation\AdditionalSdkDocumentation.shfbproj", "{9985E075-5ACF-48A3-9402-3FC2F114D71D}"
EndProject
Project("{FAE04EC0-301F-11D3-BF4B-00C04F79EFBC}") = "Commenter.Interfaces", "Commenter.Interfaces\Commenter.Interfaces.csproj", "{AB447CC7-0D6F-4C0A-8783-293B5379464B}"
EndProject
Project("{FAE04EC0-301F-11D3-BF4B-00C04F79EFBC}") = "Commenter.Implementation", "Commenter.Implementation\Commenter.Implementation.csproj", "{B265D713-0369-43DA-9044-9BA4666657C3}"
EndProject
Project("{FAE04EC0-301F-11D3-BF4B-00C04F79EFBC}") = "Text.Utility", "Text.Utility\Text.Utility.csproj", "{144C8488-5425-4759-8F44-0A67E0567A19}"
EndProject
Project("{FAE04EC0-301F-11D3-BF4B-00C04F79EFBC}") = "Shell.Utility", "Shell.Utility\Shell.Utility.csproj", "{66D70F43-3051-4EDB-B730-9E6412332CA3}"
EndProject
Global
	GlobalSection(SolutionConfigurationPlatforms) = preSolution
		Debug|Any CPU = Debug|Any CPU
		Release|Any CPU = Release|Any CPU
		ReleaseNoDoc|Any CPU = ReleaseNoDoc|Any CPU
	EndGlobalSection
	GlobalSection(ProjectConfigurationPlatforms) = postSolution
		{56FD920C-1134-4F8C-BBE4-773642BDD112}.Debug|Any CPU.ActiveCfg = Debug|Any CPU
		{56FD920C-1134-4F8C-BBE4-773642BDD112}.Debug|Any CPU.Build.0 = Debug|Any CPU
		{56FD920C-1134-4F8C-BBE4-773642BDD112}.Release|Any CPU.ActiveCfg = Release|Any CPU
		{56FD920C-1134-4F8C-BBE4-773642BDD112}.Release|Any CPU.Build.0 = Release|Any CPU
		{56FD920C-1134-4F8C-BBE4-773642BDD112}.ReleaseNoDoc|Any CPU.ActiveCfg = Release|Any CPU
		{56FD920C-1134-4F8C-BBE4-773642BDD112}.ReleaseNoDoc|Any CPU.Build.0 = Release|Any CPU
		{52C5E011-EA71-4799-924B-845CE1C9CA06}.Debug|Any CPU.ActiveCfg = Debug|Any CPU
		{52C5E011-EA71-4799-924B-845CE1C9CA06}.Debug|Any CPU.Build.0 = Debug|Any CPU
		{52C5E011-EA71-4799-924B-845CE1C9CA06}.Release|Any CPU.ActiveCfg = Release|Any CPU
		{52C5E011-EA71-4799-924B-845CE1C9CA06}.Release|Any CPU.Build.0 = Release|Any CPU
		{52C5E011-EA71-4799-924B-845CE1C9CA06}.ReleaseNoDoc|Any CPU.ActiveCfg = Release|Any CPU
		{52C5E011-EA71-4799-924B-845CE1C9CA06}.ReleaseNoDoc|Any CPU.Build.0 = Release|Any CPU
		{0C198DA7-9D1B-4DB6-B0AD-5B72331D2A20}.Debug|Any CPU.ActiveCfg = Debug|Any CPU
		{0C198DA7-9D1B-4DB6-B0AD-5B72331D2A20}.Debug|Any CPU.Build.0 = Debug|Any CPU
		{0C198DA7-9D1B-4DB6-B0AD-5B72331D2A20}.Release|Any CPU.ActiveCfg = Release|Any CPU
		{0C198DA7-9D1B-4DB6-B0AD-5B72331D2A20}.Release|Any CPU.Build.0 = Release|Any CPU
		{0C198DA7-9D1B-4DB6-B0AD-5B72331D2A20}.ReleaseNoDoc|Any CPU.ActiveCfg = Release|Any CPU
		{0C198DA7-9D1B-4DB6-B0AD-5B72331D2A20}.ReleaseNoDoc|Any CPU.Build.0 = Release|Any CPU
		{3539AC4E-0666-4A6E-873D-03FD8F2D8CBD}.Debug|Any CPU.ActiveCfg = Debug|Any CPU
		{3539AC4E-0666-4A6E-873D-03FD8F2D8CBD}.Debug|Any CPU.Build.0 = Debug|Any CPU
		{3539AC4E-0666-4A6E-873D-03FD8F2D8CBD}.Release|Any CPU.ActiveCfg = Release|Any CPU
		{3539AC4E-0666-4A6E-873D-03FD8F2D8CBD}.Release|Any CPU.Build.0 = Release|Any CPU
		{3539AC4E-0666-4A6E-873D-03FD8F2D8CBD}.ReleaseNoDoc|Any CPU.ActiveCfg = Release|Any CPU
		{3539AC4E-0666-4A6E-873D-03FD8F2D8CBD}.ReleaseNoDoc|Any CPU.Build.0 = Release|Any CPU
		{6A379261-D0A2-427C-8E7F-48895E875B1B}.Debug|Any CPU.ActiveCfg = Debug|Any CPU
		{6A379261-D0A2-427C-8E7F-48895E875B1B}.Release|Any CPU.ActiveCfg = Release|Any CPU
		{6A379261-D0A2-427C-8E7F-48895E875B1B}.Release|Any CPU.Build.0 = Release|Any CPU
		{6A379261-D0A2-427C-8E7F-48895E875B1B}.ReleaseNoDoc|Any CPU.ActiveCfg = Release|Any CPU
		{9985E075-5ACF-48A3-9402-3FC2F114D71D}.Debug|Any CPU.ActiveCfg = Debug|Any CPU
		{9985E075-5ACF-48A3-9402-3FC2F114D71D}.Release|Any CPU.ActiveCfg = Release|Any CPU
		{9985E075-5ACF-48A3-9402-3FC2F114D71D}.ReleaseNoDoc|Any CPU.ActiveCfg = Release|Any CPU
		{AB447CC7-0D6F-4C0A-8783-293B5379464B}.Debug|Any CPU.ActiveCfg = Debug|Any CPU
		{AB447CC7-0D6F-4C0A-8783-293B5379464B}.Debug|Any CPU.Build.0 = Debug|Any CPU
		{AB447CC7-0D6F-4C0A-8783-293B5379464B}.Release|Any CPU.ActiveCfg = Release|Any CPU
		{AB447CC7-0D6F-4C0A-8783-293B5379464B}.Release|Any CPU.Build.0 = Release|Any CPU
		{AB447CC7-0D6F-4C0A-8783-293B5379464B}.ReleaseNoDoc|Any CPU.ActiveCfg = Release|Any CPU
		{AB447CC7-0D6F-4C0A-8783-293B5379464B}.ReleaseNoDoc|Any CPU.Build.0 = Release|Any CPU
		{B265D713-0369-43DA-9044-9BA4666657C3}.Debug|Any CPU.ActiveCfg = Debug|Any CPU
		{B265D713-0369-43DA-9044-9BA4666657C3}.Debug|Any CPU.Build.0 = Debug|Any CPU
		{B265D713-0369-43DA-9044-9BA4666657C3}.Release|Any CPU.ActiveCfg = Release|Any CPU
		{B265D713-0369-43DA-9044-9BA4666657C3}.Release|Any CPU.Build.0 = Release|Any CPU
		{B265D713-0369-43DA-9044-9BA4666657C3}.ReleaseNoDoc|Any CPU.ActiveCfg = Release|Any CPU
		{B265D713-0369-43DA-9044-9BA4666657C3}.ReleaseNoDoc|Any CPU.Build.0 = Release|Any CPU
		{144C8488-5425-4759-8F44-0A67E0567A19}.Debug|Any CPU.ActiveCfg = Debug|Any CPU
		{144C8488-5425-4759-8F44-0A67E0567A19}.Debug|Any CPU.Build.0 = Debug|Any CPU
		{144C8488-5425-4759-8F44-0A67E0567A19}.Release|Any CPU.ActiveCfg = Release|Any CPU
		{144C8488-5425-4759-8F44-0A67E0567A19}.Release|Any CPU.Build.0 = Release|Any CPU
		{144C8488-5425-4759-8F44-0A67E0567A19}.ReleaseNoDoc|Any CPU.ActiveCfg = Release|Any CPU
		{144C8488-5425-4759-8F44-0A67E0567A19}.ReleaseNoDoc|Any CPU.Build.0 = Release|Any CPU
		{66D70F43-3051-4EDB-B730-9E6412332CA3}.Debug|Any CPU.ActiveCfg = Debug|Any CPU
		{66D70F43-3051-4EDB-B730-9E6412332CA3}.Debug|Any CPU.Build.0 = Debug|Any CPU
		{66D70F43-3051-4EDB-B730-9E6412332CA3}.Release|Any CPU.ActiveCfg = Release|Any CPU
		{66D70F43-3051-4EDB-B730-9E6412332CA3}.Release|Any CPU.Build.0 = Release|Any CPU
		{66D70F43-3051-4EDB-B730-9E6412332CA3}.ReleaseNoDoc|Any CPU.ActiveCfg = Release|Any CPU
		{66D70F43-3051-4EDB-B730-9E6412332CA3}.ReleaseNoDoc|Any CPU.Build.0 = Release|Any CPU
	EndGlobalSection
	GlobalSection(SolutionProperties) = preSolution
		HideSolutionNode = FALSE
	EndGlobalSection
	GlobalSection(NestedProjects) = preSolution
		{56FD920C-1134-4F8C-BBE4-773642BDD112} = {A29EF3A2-9B8C-4081-95D8-4FC02E7B5859}
		{52C5E011-EA71-4799-924B-845CE1C9CA06} = {E5F869CB-056B-430A-8A7F-2EDEC7CC005F}
		{3539AC4E-0666-4A6E-873D-03FD8F2D8CBD} = {E5F869CB-056B-430A-8A7F-2EDEC7CC005F}
		{AB447CC7-0D6F-4C0A-8783-293B5379464B} = {E5F869CB-056B-430A-8A7F-2EDEC7CC005F}
		{144C8488-5425-4759-8F44-0A67E0567A19} = {E5F869CB-056B-430A-8A7F-2EDEC7CC005F}
		{66D70F43-3051-4EDB-B730-9E6412332CA3} = {E5F869CB-056B-430A-8A7F-2EDEC7CC005F}
		{0C198DA7-9D1B-4DB6-B0AD-5B72331D2A20} = {6E9188B1-D508-4DCA-9634-39E05E593EB3}
		{B265D713-0369-43DA-9044-9BA4666657C3} = {6E9188B1-D508-4DCA-9634-39E05E593EB3}
		{6A379261-D0A2-427C-8E7F-48895E875B1B} = {16CE8FAB-F192-4E9C-88D0-3365475E519A}
		{9985E075-5ACF-48A3-9402-3FC2F114D71D} = {16CE8FAB-F192-4E9C-88D0-3365475E519A}
	EndGlobalSection
EndGlobal
