
Microsoft Visual Studio Solution File, Format Version 12.00
# Visual Studio 2013
VisualStudioVersion = 12.0.30501.0
MinimumVisualStudioVersion = 10.0.40219.1
Project("{FAE04EC0-301F-11D3-BF4B-00C04F79EFBC}") = "OutputWindow.Interfaces", "OutputWindow.Interfaces\OutputWindow.Interfaces.csproj", "{52C5E011-EA71-4799-924B-845CE1C9CA06}"
EndProject
Project("{FAE04EC0-301F-11D3-BF4B-00C04F79EFBC}") = "OutputWindow.Implementation", "OutputWindow.Implementation\OutputWindow.Implementation.csproj", "{0C198DA7-9D1B-4DB6-B0AD-5B72331D2A20}"
EndProject
Project("{2150E333-8FDC-42A3-9474-1A3956D46DE8}") = "Extensions", "Extensions", "{A29EF3A2-9B8C-4081-95D8-4FC02E7B5859}"
EndProject
Project("{2150E333-8FDC-42A3-9474-1A3956D46DE8}") = "Private Assemblies", "Private Assemblies", "{6E9188B1-D508-4DCA-9634-39E05E593EB3}"
EndProject
Project("{2150E333-8FDC-42A3-9474-1A3956D46DE8}") = "Public Assemblies", "Public Assemblies", "{E5F869CB-056B-430A-8A7F-2EDEC7CC005F}"
EndProject
Project("{FAE04EC0-301F-11D3-BF4B-00C04F79EFBC}") = "ShellServices.10", "ShellServices\ShellServices.10.csproj", "{3539AC4E-0666-4A6E-873D-03FD8F2D8CBD}"
EndProject
Project("{2150E333-8FDC-42A3-9474-1A3956D46DE8}") = ".nuget", ".nuget", "{DF5B528E-5055-4D5E-8FFB-A882A7117BA6}"
	ProjectSection(SolutionItems) = preProject
		.nuget\NuGet.Config = .nuget\NuGet.Config
		.nuget\NuGet.exe = .nuget\NuGet.exe
		.nuget\NuGet.targets = .nuget\NuGet.targets
	EndProjectSection
EndProject
Project("{2150E333-8FDC-42A3-9474-1A3956D46DE8}") = "Documentation", "Documentation", "{16CE8FAB-F192-4E9C-88D0-3365475E519A}"
EndProject
Project("{7CF6DF6D-3B04-46F8-A40B-537D21BCA0B4}") = "VSBaseDocumentation", "VSBaseDocumentation\VSBaseDocumentation.shfbproj", "{6A379261-D0A2-427C-8E7F-48895E875B1B}"
EndProject
Project("{7CF6DF6D-3B04-46F8-A40B-537D21BCA0B4}") = "AdditionalSdkDocumentation", "AdditionalSdkDocumentation\AdditionalSdkDocumentation.shfbproj", "{9985E075-5ACF-48A3-9402-3FC2F114D71D}"
EndProject
Project("{FAE04EC0-301F-11D3-BF4B-00C04F79EFBC}") = "Commenter.Interfaces.10", "Commenter.Interfaces\Commenter.Interfaces.10.csproj", "{AB447CC7-0D6F-4C0A-8783-293B5379464B}"
EndProject
Project("{FAE04EC0-301F-11D3-BF4B-00C04F79EFBC}") = "Commenter.Implementation", "Commenter.Implementation\Commenter.Implementation.csproj", "{B265D713-0369-43DA-9044-9BA4666657C3}"
EndProject
Project("{FAE04EC0-301F-11D3-BF4B-00C04F79EFBC}") = "Text.Utility.10", "Text.Utility\Text.Utility.10.csproj", "{144C8488-5425-4759-8F44-0A67E0567A19}"
EndProject
Project("{FAE04EC0-301F-11D3-BF4B-00C04F79EFBC}") = "Shell.Utility.10", "Shell.Utility\Shell.Utility.10.csproj", "{66D70F43-3051-4EDB-B730-9E6412332CA3}"
EndProject
Project("{FAE04EC0-301F-11D3-BF4B-00C04F79EFBC}") = "Commenter.Extension", "Commenter.Extension\Commenter.Extension.csproj", "{C3E41787-3957-4CC2-AD04-B89C46BC32BC}"
EndProject
Project("{FAE04EC0-301F-11D3-BF4B-00C04F79EFBC}") = "OutputWindow.Extension", "OutputWindow.Extension\OutputWindow.Extension.csproj", "{56FD920C-1134-4F8C-BBE4-773642BDD112}"
EndProject
Project("{FAE04EC0-301F-11D3-BF4B-00C04F79EFBC}") = "Commenter.Interfaces.11", "Commenter.Interfaces\Commenter.Interfaces.11.csproj", "{7822A91F-6DBC-4166-94BE-1C05B1FE28BD}"
EndProject
Project("{FAE04EC0-301F-11D3-BF4B-00C04F79EFBC}") = "Commenter.Interfaces.12", "Commenter.Interfaces\Commenter.Interfaces.12.csproj", "{ADDFE283-A45F-409D-B3CE-D7190B466596}"
EndProject
Project("{FAE04EC0-301F-11D3-BF4B-00C04F79EFBC}") = "ShellServices.11", "ShellServices\ShellServices.11.csproj", "{1AB634E3-A6AE-4A64-9BD2-CE17598F17BE}"
EndProject
Project("{FAE04EC0-301F-11D3-BF4B-00C04F79EFBC}") = "ShellServices.12", "ShellServices\ShellServices.12.csproj", "{CF23F101-DADD-44F7-AC5E-29AAD04D069B}"
EndProject
Project("{FAE04EC0-301F-11D3-BF4B-00C04F79EFBC}") = "Shell.Utility.11", "Shell.Utility\Shell.Utility.11.csproj", "{0D404016-9B19-4663-A1FE-B38A190E1B35}"
EndProject
Project("{FAE04EC0-301F-11D3-BF4B-00C04F79EFBC}") = "Shell.Utility.12", "Shell.Utility\Shell.Utility.12.csproj", "{3A6E8AB6-D68D-41E9-8A73-5F8040F5A8C8}"
EndProject
Project("{FAE04EC0-301F-11D3-BF4B-00C04F79EFBC}") = "Text.Utility.11", "Text.Utility\Text.Utility.11.csproj", "{DF1385C8-601E-4190-A13D-3BCBDF1F7E94}"
EndProject
Project("{FAE04EC0-301F-11D3-BF4B-00C04F79EFBC}") = "Text.Utility.12", "Text.Utility\Text.Utility.12.csproj", "{2ED35CA3-BE9C-412F-8B66-A920D34D710B}"
EndProject
Project("{FAE04EC0-301F-11D3-BF4B-00C04F79EFBC}") = "VSBase.Extension", "VSBase.Extension\VSBase.Extension.csproj", "{B8300D0F-341F-499C-9914-B5244AD6F35C}"
EndProject
Global
	GlobalSection(SolutionConfigurationPlatforms) = preSolution
		Debug|Any CPU = Debug|Any CPU
		Release|Any CPU = Release|Any CPU
		ReleaseNoDoc|Any CPU = ReleaseNoDoc|Any CPU
	EndGlobalSection
	GlobalSection(ProjectConfigurationPlatforms) = postSolution
		{52C5E011-EA71-4799-924B-845CE1C9CA06}.Debug|Any CPU.ActiveCfg = Debug|Any CPU
		{52C5E011-EA71-4799-924B-845CE1C9CA06}.Debug|Any CPU.Build.0 = Debug|Any CPU
		{52C5E011-EA71-4799-924B-845CE1C9CA06}.Release|Any CPU.ActiveCfg = Release|Any CPU
		{52C5E011-EA71-4799-924B-845CE1C9CA06}.Release|Any CPU.Build.0 = Release|Any CPU
		{52C5E011-EA71-4799-924B-845CE1C9CA06}.ReleaseNoDoc|Any CPU.ActiveCfg = Release|Any CPU
		{52C5E011-EA71-4799-924B-845CE1C9CA06}.ReleaseNoDoc|Any CPU.Build.0 = Release|Any CPU
		{0C198DA7-9D1B-4DB6-B0AD-5B72331D2A20}.Debug|Any CPU.ActiveCfg = Debug|Any CPU
		{0C198DA7-9D1B-4DB6-B0AD-5B72331D2A20}.Debug|Any CPU.Build.0 = Debug|Any CPU
		{0C198DA7-9D1B-4DB6-B0AD-5B72331D2A20}.Release|Any CPU.ActiveCfg = Release|Any CPU
		{0C198DA7-9D1B-4DB6-B0AD-5B72331D2A20}.Release|Any CPU.Build.0 = Release|Any CPU
		{0C198DA7-9D1B-4DB6-B0AD-5B72331D2A20}.ReleaseNoDoc|Any CPU.ActiveCfg = Release|Any CPU
		{0C198DA7-9D1B-4DB6-B0AD-5B72331D2A20}.ReleaseNoDoc|Any CPU.Build.0 = Release|Any CPU
		{3539AC4E-0666-4A6E-873D-03FD8F2D8CBD}.Debug|Any CPU.ActiveCfg = Debug|Any CPU
		{3539AC4E-0666-4A6E-873D-03FD8F2D8CBD}.Debug|Any CPU.Build.0 = Debug|Any CPU
		{3539AC4E-0666-4A6E-873D-03FD8F2D8CBD}.Release|Any CPU.ActiveCfg = Release|Any CPU
		{3539AC4E-0666-4A6E-873D-03FD8F2D8CBD}.Release|Any CPU.Build.0 = Release|Any CPU
		{3539AC4E-0666-4A6E-873D-03FD8F2D8CBD}.ReleaseNoDoc|Any CPU.ActiveCfg = Release|Any CPU
		{3539AC4E-0666-4A6E-873D-03FD8F2D8CBD}.ReleaseNoDoc|Any CPU.Build.0 = Release|Any CPU
		{6A379261-D0A2-427C-8E7F-48895E875B1B}.Debug|Any CPU.ActiveCfg = Debug|Any CPU
		{6A379261-D0A2-427C-8E7F-48895E875B1B}.Release|Any CPU.ActiveCfg = Release|Any CPU
		{6A379261-D0A2-427C-8E7F-48895E875B1B}.Release|Any CPU.Build.0 = Release|Any CPU
		{6A379261-D0A2-427C-8E7F-48895E875B1B}.ReleaseNoDoc|Any CPU.ActiveCfg = Release|Any CPU
		{9985E075-5ACF-48A3-9402-3FC2F114D71D}.Debug|Any CPU.ActiveCfg = Debug|Any CPU
		{9985E075-5ACF-48A3-9402-3FC2F114D71D}.Release|Any CPU.ActiveCfg = Release|Any CPU
		{9985E075-5ACF-48A3-9402-3FC2F114D71D}.ReleaseNoDoc|Any CPU.ActiveCfg = Release|Any CPU
		{AB447CC7-0D6F-4C0A-8783-293B5379464B}.Debug|Any CPU.ActiveCfg = Debug|Any CPU
		{AB447CC7-0D6F-4C0A-8783-293B5379464B}.Debug|Any CPU.Build.0 = Debug|Any CPU
		{AB447CC7-0D6F-4C0A-8783-293B5379464B}.Release|Any CPU.ActiveCfg = Release|Any CPU
		{AB447CC7-0D6F-4C0A-8783-293B5379464B}.Release|Any CPU.Build.0 = Release|Any CPU
		{AB447CC7-0D6F-4C0A-8783-293B5379464B}.ReleaseNoDoc|Any CPU.ActiveCfg = Release|Any CPU
		{AB447CC7-0D6F-4C0A-8783-293B5379464B}.ReleaseNoDoc|Any CPU.Build.0 = Release|Any CPU
		{B265D713-0369-43DA-9044-9BA4666657C3}.Debug|Any CPU.ActiveCfg = Debug|Any CPU
		{B265D713-0369-43DA-9044-9BA4666657C3}.Debug|Any CPU.Build.0 = Debug|Any CPU
		{B265D713-0369-43DA-9044-9BA4666657C3}.Release|Any CPU.ActiveCfg = Release|Any CPU
		{B265D713-0369-43DA-9044-9BA4666657C3}.Release|Any CPU.Build.0 = Release|Any CPU
		{B265D713-0369-43DA-9044-9BA4666657C3}.ReleaseNoDoc|Any CPU.ActiveCfg = Release|Any CPU
		{B265D713-0369-43DA-9044-9BA4666657C3}.ReleaseNoDoc|Any CPU.Build.0 = Release|Any CPU
		{144C8488-5425-4759-8F44-0A67E0567A19}.Debug|Any CPU.ActiveCfg = Debug|Any CPU
		{144C8488-5425-4759-8F44-0A67E0567A19}.Debug|Any CPU.Build.0 = Debug|Any CPU
		{144C8488-5425-4759-8F44-0A67E0567A19}.Release|Any CPU.ActiveCfg = Release|Any CPU
		{144C8488-5425-4759-8F44-0A67E0567A19}.Release|Any CPU.Build.0 = Release|Any CPU
		{144C8488-5425-4759-8F44-0A67E0567A19}.ReleaseNoDoc|Any CPU.ActiveCfg = Release|Any CPU
		{144C8488-5425-4759-8F44-0A67E0567A19}.ReleaseNoDoc|Any CPU.Build.0 = Release|Any CPU
		{66D70F43-3051-4EDB-B730-9E6412332CA3}.Debug|Any CPU.ActiveCfg = Debug|Any CPU
		{66D70F43-3051-4EDB-B730-9E6412332CA3}.Debug|Any CPU.Build.0 = Debug|Any CPU
		{66D70F43-3051-4EDB-B730-9E6412332CA3}.Release|Any CPU.ActiveCfg = Release|Any CPU
		{66D70F43-3051-4EDB-B730-9E6412332CA3}.Release|Any CPU.Build.0 = Release|Any CPU
		{66D70F43-3051-4EDB-B730-9E6412332CA3}.ReleaseNoDoc|Any CPU.ActiveCfg = Release|Any CPU
		{66D70F43-3051-4EDB-B730-9E6412332CA3}.ReleaseNoDoc|Any CPU.Build.0 = Release|Any CPU
		{C3E41787-3957-4CC2-AD04-B89C46BC32BC}.Debug|Any CPU.ActiveCfg = Debug|Any CPU
		{C3E41787-3957-4CC2-AD04-B89C46BC32BC}.Debug|Any CPU.Build.0 = Debug|Any CPU
		{C3E41787-3957-4CC2-AD04-B89C46BC32BC}.Release|Any CPU.ActiveCfg = Release|Any CPU
		{C3E41787-3957-4CC2-AD04-B89C46BC32BC}.Release|Any CPU.Build.0 = Release|Any CPU
		{C3E41787-3957-4CC2-AD04-B89C46BC32BC}.ReleaseNoDoc|Any CPU.ActiveCfg = Release|Any CPU
		{C3E41787-3957-4CC2-AD04-B89C46BC32BC}.ReleaseNoDoc|Any CPU.Build.0 = Release|Any CPU
		{56FD920C-1134-4F8C-BBE4-773642BDD112}.Debug|Any CPU.ActiveCfg = Debug|Any CPU
		{56FD920C-1134-4F8C-BBE4-773642BDD112}.Debug|Any CPU.Build.0 = Debug|Any CPU
		{56FD920C-1134-4F8C-BBE4-773642BDD112}.Release|Any CPU.ActiveCfg = Release|Any CPU
		{56FD920C-1134-4F8C-BBE4-773642BDD112}.Release|Any CPU.Build.0 = Release|Any CPU
		{56FD920C-1134-4F8C-BBE4-773642BDD112}.ReleaseNoDoc|Any CPU.ActiveCfg = Release|Any CPU
		{56FD920C-1134-4F8C-BBE4-773642BDD112}.ReleaseNoDoc|Any CPU.Build.0 = Release|Any CPU
		{7822A91F-6DBC-4166-94BE-1C05B1FE28BD}.Debug|Any CPU.ActiveCfg = Debug|Any CPU
		{7822A91F-6DBC-4166-94BE-1C05B1FE28BD}.Debug|Any CPU.Build.0 = Debug|Any CPU
		{7822A91F-6DBC-4166-94BE-1C05B1FE28BD}.Release|Any CPU.ActiveCfg = Release|Any CPU
		{7822A91F-6DBC-4166-94BE-1C05B1FE28BD}.Release|Any CPU.Build.0 = Release|Any CPU
		{7822A91F-6DBC-4166-94BE-1C05B1FE28BD}.ReleaseNoDoc|Any CPU.ActiveCfg = Release|Any CPU
		{7822A91F-6DBC-4166-94BE-1C05B1FE28BD}.ReleaseNoDoc|Any CPU.Build.0 = Release|Any CPU
		{ADDFE283-A45F-409D-B3CE-D7190B466596}.Debug|Any CPU.ActiveCfg = Debug|Any CPU
		{ADDFE283-A45F-409D-B3CE-D7190B466596}.Debug|Any CPU.Build.0 = Debug|Any CPU
		{ADDFE283-A45F-409D-B3CE-D7190B466596}.Release|Any CPU.ActiveCfg = Release|Any CPU
		{ADDFE283-A45F-409D-B3CE-D7190B466596}.Release|Any CPU.Build.0 = Release|Any CPU
		{ADDFE283-A45F-409D-B3CE-D7190B466596}.ReleaseNoDoc|Any CPU.ActiveCfg = Release|Any CPU
		{ADDFE283-A45F-409D-B3CE-D7190B466596}.ReleaseNoDoc|Any CPU.Build.0 = Release|Any CPU
		{1AB634E3-A6AE-4A64-9BD2-CE17598F17BE}.Debug|Any CPU.ActiveCfg = Debug|Any CPU
		{1AB634E3-A6AE-4A64-9BD2-CE17598F17BE}.Debug|Any CPU.Build.0 = Debug|Any CPU
		{1AB634E3-A6AE-4A64-9BD2-CE17598F17BE}.Release|Any CPU.ActiveCfg = Release|Any CPU
		{1AB634E3-A6AE-4A64-9BD2-CE17598F17BE}.Release|Any CPU.Build.0 = Release|Any CPU
		{1AB634E3-A6AE-4A64-9BD2-CE17598F17BE}.ReleaseNoDoc|Any CPU.ActiveCfg = Release|Any CPU
		{1AB634E3-A6AE-4A64-9BD2-CE17598F17BE}.ReleaseNoDoc|Any CPU.Build.0 = Release|Any CPU
		{CF23F101-DADD-44F7-AC5E-29AAD04D069B}.Debug|Any CPU.ActiveCfg = Debug|Any CPU
		{CF23F101-DADD-44F7-AC5E-29AAD04D069B}.Debug|Any CPU.Build.0 = Debug|Any CPU
		{CF23F101-DADD-44F7-AC5E-29AAD04D069B}.Release|Any CPU.ActiveCfg = Release|Any CPU
		{CF23F101-DADD-44F7-AC5E-29AAD04D069B}.Release|Any CPU.Build.0 = Release|Any CPU
		{CF23F101-DADD-44F7-AC5E-29AAD04D069B}.ReleaseNoDoc|Any CPU.ActiveCfg = Release|Any CPU
		{CF23F101-DADD-44F7-AC5E-29AAD04D069B}.ReleaseNoDoc|Any CPU.Build.0 = Release|Any CPU
		{0D404016-9B19-4663-A1FE-B38A190E1B35}.Debug|Any CPU.ActiveCfg = Debug|Any CPU
		{0D404016-9B19-4663-A1FE-B38A190E1B35}.Debug|Any CPU.Build.0 = Debug|Any CPU
		{0D404016-9B19-4663-A1FE-B38A190E1B35}.Release|Any CPU.ActiveCfg = Release|Any CPU
		{0D404016-9B19-4663-A1FE-B38A190E1B35}.Release|Any CPU.Build.0 = Release|Any CPU
		{0D404016-9B19-4663-A1FE-B38A190E1B35}.ReleaseNoDoc|Any CPU.ActiveCfg = Release|Any CPU
		{0D404016-9B19-4663-A1FE-B38A190E1B35}.ReleaseNoDoc|Any CPU.Build.0 = Release|Any CPU
		{3A6E8AB6-D68D-41E9-8A73-5F8040F5A8C8}.Debug|Any CPU.ActiveCfg = Debug|Any CPU
		{3A6E8AB6-D68D-41E9-8A73-5F8040F5A8C8}.Debug|Any CPU.Build.0 = Debug|Any CPU
		{3A6E8AB6-D68D-41E9-8A73-5F8040F5A8C8}.Release|Any CPU.ActiveCfg = Release|Any CPU
		{3A6E8AB6-D68D-41E9-8A73-5F8040F5A8C8}.Release|Any CPU.Build.0 = Release|Any CPU
		{3A6E8AB6-D68D-41E9-8A73-5F8040F5A8C8}.ReleaseNoDoc|Any CPU.ActiveCfg = Release|Any CPU
		{3A6E8AB6-D68D-41E9-8A73-5F8040F5A8C8}.ReleaseNoDoc|Any CPU.Build.0 = Release|Any CPU
		{DF1385C8-601E-4190-A13D-3BCBDF1F7E94}.Debug|Any CPU.ActiveCfg = Debug|Any CPU
		{DF1385C8-601E-4190-A13D-3BCBDF1F7E94}.Debug|Any CPU.Build.0 = Debug|Any CPU
		{DF1385C8-601E-4190-A13D-3BCBDF1F7E94}.Release|Any CPU.ActiveCfg = Release|Any CPU
		{DF1385C8-601E-4190-A13D-3BCBDF1F7E94}.Release|Any CPU.Build.0 = Release|Any CPU
		{DF1385C8-601E-4190-A13D-3BCBDF1F7E94}.ReleaseNoDoc|Any CPU.ActiveCfg = Release|Any CPU
		{DF1385C8-601E-4190-A13D-3BCBDF1F7E94}.ReleaseNoDoc|Any CPU.Build.0 = Release|Any CPU
		{2ED35CA3-BE9C-412F-8B66-A920D34D710B}.Debug|Any CPU.ActiveCfg = Debug|Any CPU
		{2ED35CA3-BE9C-412F-8B66-A920D34D710B}.Debug|Any CPU.Build.0 = Debug|Any CPU
		{2ED35CA3-BE9C-412F-8B66-A920D34D710B}.Release|Any CPU.ActiveCfg = Release|Any CPU
		{2ED35CA3-BE9C-412F-8B66-A920D34D710B}.Release|Any CPU.Build.0 = Release|Any CPU
		{2ED35CA3-BE9C-412F-8B66-A920D34D710B}.ReleaseNoDoc|Any CPU.ActiveCfg = Release|Any CPU
		{2ED35CA3-BE9C-412F-8B66-A920D34D710B}.ReleaseNoDoc|Any CPU.Build.0 = Release|Any CPU
		{B8300D0F-341F-499C-9914-B5244AD6F35C}.Debug|Any CPU.ActiveCfg = Debug|Any CPU
		{B8300D0F-341F-499C-9914-B5244AD6F35C}.Debug|Any CPU.Build.0 = Debug|Any CPU
		{B8300D0F-341F-499C-9914-B5244AD6F35C}.Release|Any CPU.ActiveCfg = Release|Any CPU
		{B8300D0F-341F-499C-9914-B5244AD6F35C}.Release|Any CPU.Build.0 = Release|Any CPU
		{B8300D0F-341F-499C-9914-B5244AD6F35C}.ReleaseNoDoc|Any CPU.ActiveCfg = Release|Any CPU
		{B8300D0F-341F-499C-9914-B5244AD6F35C}.ReleaseNoDoc|Any CPU.Build.0 = Release|Any CPU
	EndGlobalSection
	GlobalSection(SolutionProperties) = preSolution
		HideSolutionNode = FALSE
	EndGlobalSection
	GlobalSection(NestedProjects) = preSolution
		{52C5E011-EA71-4799-924B-845CE1C9CA06} = {E5F869CB-056B-430A-8A7F-2EDEC7CC005F}
		{0C198DA7-9D1B-4DB6-B0AD-5B72331D2A20} = {6E9188B1-D508-4DCA-9634-39E05E593EB3}
		{3539AC4E-0666-4A6E-873D-03FD8F2D8CBD} = {E5F869CB-056B-430A-8A7F-2EDEC7CC005F}
		{6A379261-D0A2-427C-8E7F-48895E875B1B} = {16CE8FAB-F192-4E9C-88D0-3365475E519A}
		{9985E075-5ACF-48A3-9402-3FC2F114D71D} = {16CE8FAB-F192-4E9C-88D0-3365475E519A}
		{AB447CC7-0D6F-4C0A-8783-293B5379464B} = {E5F869CB-056B-430A-8A7F-2EDEC7CC005F}
		{B265D713-0369-43DA-9044-9BA4666657C3} = {6E9188B1-D508-4DCA-9634-39E05E593EB3}
		{144C8488-5425-4759-8F44-0A67E0567A19} = {E5F869CB-056B-430A-8A7F-2EDEC7CC005F}
		{66D70F43-3051-4EDB-B730-9E6412332CA3} = {E5F869CB-056B-430A-8A7F-2EDEC7CC005F}
		{C3E41787-3957-4CC2-AD04-B89C46BC32BC} = {A29EF3A2-9B8C-4081-95D8-4FC02E7B5859}
		{56FD920C-1134-4F8C-BBE4-773642BDD112} = {A29EF3A2-9B8C-4081-95D8-4FC02E7B5859}
		{7822A91F-6DBC-4166-94BE-1C05B1FE28BD} = {E5F869CB-056B-430A-8A7F-2EDEC7CC005F}
		{ADDFE283-A45F-409D-B3CE-D7190B466596} = {E5F869CB-056B-430A-8A7F-2EDEC7CC005F}
		{1AB634E3-A6AE-4A64-9BD2-CE17598F17BE} = {E5F869CB-056B-430A-8A7F-2EDEC7CC005F}
		{CF23F101-DADD-44F7-AC5E-29AAD04D069B} = {E5F869CB-056B-430A-8A7F-2EDEC7CC005F}
		{0D404016-9B19-4663-A1FE-B38A190E1B35} = {E5F869CB-056B-430A-8A7F-2EDEC7CC005F}
		{3A6E8AB6-D68D-41E9-8A73-5F8040F5A8C8} = {E5F869CB-056B-430A-8A7F-2EDEC7CC005F}
		{DF1385C8-601E-4190-A13D-3BCBDF1F7E94} = {E5F869CB-056B-430A-8A7F-2EDEC7CC005F}
		{2ED35CA3-BE9C-412F-8B66-A920D34D710B} = {E5F869CB-056B-430A-8A7F-2EDEC7CC005F}
		{B8300D0F-341F-499C-9914-B5244AD6F35C} = {A29EF3A2-9B8C-4081-95D8-4FC02E7B5859}
	EndGlobalSection
EndGlobal
